
Microsoft Visual Studio Solution File, Format Version 12.00
# Visual Studio Version 17
VisualStudioVersion = 17.6.33829.357
MinimumVisualStudioVersion = 10.0.40219.1
Project("{FAE04EC0-301F-11D3-BF4B-00C04F79EFBC}") = "Prueba2", "Prueba2\Prueba2.csproj", "{0C70AC7D-F5B6-48B1-96B7-B68D0C76AACB}"
EndProject
Global
	GlobalSection(SolutionConfigurationPlatforms) = preSolution
		Debug|Any CPU = Debug|Any CPU
		Release|Any CPU = Release|Any CPU
	EndGlobalSection
	GlobalSection(ProjectConfigurationPlatforms) = postSolution
		{0C70AC7D-F5B6-48B1-96B7-B68D0C76AACB}.Debug|Any CPU.ActiveCfg = Debug|Any CPU
		{0C70AC7D-F5B6-48B1-96B7-B68D0C76AACB}.Debug|Any CPU.Build.0 = Debug|Any CPU
		{0C70AC7D-F5B6-48B1-96B7-B68D0C76AACB}.Release|Any CPU.ActiveCfg = Release|Any CPU
		{0C70AC7D-F5B6-48B1-96B7-B68D0C76AACB}.Release|Any CPU.Build.0 = Release|Any CPU
	EndGlobalSection
	GlobalSection(SolutionProperties) = preSolution
		HideSolutionNode = FALSE
	EndGlobalSection
	GlobalSection(ExtensibilityGlobals) = postSolution
		SolutionGuid = {C4A81165-731E-4F4B-8F7F-AB2C180A304C}
	EndGlobalSection
EndGlobal
